
Microsoft Visual Studio Solution File, Format Version 12.00
# Visual Studio Version 16
VisualStudioVersion = 16.0.29806.167
MinimumVisualStudioVersion = 10.0.40219.1
Project("{FAE04EC0-301F-11D3-BF4B-00C04F79EFBC}") = "WpfApp1", "WpfApp1\WpfApp1.csproj", "{EEF2448C-AD30-4C0F-B9B4-FA8E6F8C4D50}"
EndProject
Global
	GlobalSection(SolutionConfigurationPlatforms) = preSolution
		Debug|Any CPU = Debug|Any CPU
		Release|Any CPU = Release|Any CPU
	EndGlobalSection
	GlobalSection(ProjectConfigurationPlatforms) = postSolution
		{EEF2448C-AD30-4C0F-B9B4-FA8E6F8C4D50}.Debug|Any CPU.ActiveCfg = Debug|Any CPU
		{EEF2448C-AD30-4C0F-B9B4-FA8E6F8C4D50}.Debug|Any CPU.Build.0 = Debug|Any CPU
		{EEF2448C-AD30-4C0F-B9B4-FA8E6F8C4D50}.Release|Any CPU.ActiveCfg = Release|Any CPU
		{EEF2448C-AD30-4C0F-B9B4-FA8E6F8C4D50}.Release|Any CPU.Build.0 = Release|Any CPU
	EndGlobalSection
	GlobalSection(SolutionProperties) = preSolution
		HideSolutionNode = FALSE
	EndGlobalSection
	GlobalSection(ExtensibilityGlobals) = postSolution
		SolutionGuid = {B0EF8935-E99C-4311-8FB3-670B71EB7D95}
	EndGlobalSection
EndGlobal
